
Microsoft Visual Studio Solution File, Format Version 12.00
# Visual Studio Version 16
VisualStudioVersion = 16.0.29009.5
MinimumVisualStudioVersion = 10.0.40219.1
Project("{9A19103F-16F7-4668-BE54-9A1E7A4F7556}") = "Mmu.Wds.WpfUI", "Sources\WpfUI\Mmu.Wds.WpfUI.csproj", "{FEA4B148-96CD-4117-97DF-02FBF37D601A}"
EndProject
Project("{9A19103F-16F7-4668-BE54-9A1E7A4F7556}") = "Mmu.Wds.Logic", "Sources\Logic\Mmu.Wds.Logic.csproj", "{A1C2A751-0255-410C-B377-C82E7DC7C854}"
EndProject
Global
	GlobalSection(SolutionConfigurationPlatforms) = preSolution
		Debug|Any CPU = Debug|Any CPU
		Release|Any CPU = Release|Any CPU
	EndGlobalSection
	GlobalSection(ProjectConfigurationPlatforms) = postSolution
		{FEA4B148-96CD-4117-97DF-02FBF37D601A}.Debug|Any CPU.ActiveCfg = Debug|Any CPU
		{FEA4B148-96CD-4117-97DF-02FBF37D601A}.Debug|Any CPU.Build.0 = Debug|Any CPU
		{FEA4B148-96CD-4117-97DF-02FBF37D601A}.Release|Any CPU.ActiveCfg = Release|Any CPU
		{FEA4B148-96CD-4117-97DF-02FBF37D601A}.Release|Any CPU.Build.0 = Release|Any CPU
		{A1C2A751-0255-410C-B377-C82E7DC7C854}.Debug|Any CPU.ActiveCfg = Debug|Any CPU
		{A1C2A751-0255-410C-B377-C82E7DC7C854}.Debug|Any CPU.Build.0 = Debug|Any CPU
		{A1C2A751-0255-410C-B377-C82E7DC7C854}.Release|Any CPU.ActiveCfg = Release|Any CPU
		{A1C2A751-0255-410C-B377-C82E7DC7C854}.Release|Any CPU.Build.0 = Release|Any CPU
	EndGlobalSection
	GlobalSection(SolutionProperties) = preSolution
		HideSolutionNode = FALSE
	EndGlobalSection
	GlobalSection(ExtensibilityGlobals) = postSolution
		SolutionGuid = {0AB04DE2-70CB-45E6-B6D1-55F4437EE85D}
	EndGlobalSection
EndGlobal
